
Microsoft Visual Studio Solution File, Format Version 12.00
# Visual Studio Version 16
VisualStudioVersion = 16.0.29215.179
MinimumVisualStudioVersion = 10.0.40219.1
Project("{FAE04EC0-301F-11D3-BF4B-00C04F79EFBC}") = "WindowsFormsApp1", "WindowsFormsApp1\WindowsFormsApp1.csproj", "{E60B165C-3F81-4074-B88C-5CCA0B22E776}"
EndProject
Global
	GlobalSection(SolutionConfigurationPlatforms) = preSolution
		Debug|Any CPU = Debug|Any CPU
		Release|Any CPU = Release|Any CPU
	EndGlobalSection
	GlobalSection(ProjectConfigurationPlatforms) = postSolution
		{E60B165C-3F81-4074-B88C-5CCA0B22E776}.Debug|Any CPU.ActiveCfg = Debug|Any CPU
		{E60B165C-3F81-4074-B88C-5CCA0B22E776}.Debug|Any CPU.Build.0 = Debug|Any CPU
		{E60B165C-3F81-4074-B88C-5CCA0B22E776}.Release|Any CPU.ActiveCfg = Release|Any CPU
		{E60B165C-3F81-4074-B88C-5CCA0B22E776}.Release|Any CPU.Build.0 = Release|Any CPU
	EndGlobalSection
	GlobalSection(SolutionProperties) = preSolution
		HideSolutionNode = FALSE
	EndGlobalSection
	GlobalSection(ExtensibilityGlobals) = postSolution
		SolutionGuid = {D1C27AFE-1C12-48AE-8BA4-D3E08D20E27D}
	EndGlobalSection
EndGlobal
